
Microsoft Visual Studio Solution File, Format Version 12.00
# Visual Studio Version 16
VisualStudioVersion = 16.0.33027.164
MinimumVisualStudioVersion = 10.0.40219.1
Project("{FAE04EC0-301F-11D3-BF4B-00C04F79EFBC}") = "FckLang.Bot", "FckLang.Bot\FckLang.Bot.csproj", "{AD01E58E-4962-4FE6-9B82-3F74D5A261ED}"
EndProject
Global
	GlobalSection(SolutionConfigurationPlatforms) = preSolution
		Debug|Any CPU = Debug|Any CPU
		Release|Any CPU = Release|Any CPU
	EndGlobalSection
	GlobalSection(ProjectConfigurationPlatforms) = postSolution
		{AD01E58E-4962-4FE6-9B82-3F74D5A261ED}.Debug|Any CPU.ActiveCfg = Debug|Any CPU
		{AD01E58E-4962-4FE6-9B82-3F74D5A261ED}.Debug|Any CPU.Build.0 = Debug|Any CPU
		{AD01E58E-4962-4FE6-9B82-3F74D5A261ED}.Release|Any CPU.ActiveCfg = Release|Any CPU
		{AD01E58E-4962-4FE6-9B82-3F74D5A261ED}.Release|Any CPU.Build.0 = Release|Any CPU
	EndGlobalSection
	GlobalSection(SolutionProperties) = preSolution
		HideSolutionNode = FALSE
	EndGlobalSection
	GlobalSection(ExtensibilityGlobals) = postSolution
		SolutionGuid = {27573428-6392-439F-BCE3-DFF314BC0FC4}
	EndGlobalSection
EndGlobal
